
Microsoft Visual Studio Solution File, Format Version 12.00
# Visual Studio Version 16
VisualStudioVersion = 16.0.31729.503
MinimumVisualStudioVersion = 10.0.40219.1
Project("{9A19103F-16F7-4668-BE54-9A1E7A4F7556}") = "ConsoleUI", "ConsoleUI\ConsoleUI.csproj", "{ABE927AB-0259-42CD-8643-43C97BC6D868}"
EndProject
Project("{9A19103F-16F7-4668-BE54-9A1E7A4F7556}") = "Entities", "Entities\Entities.csproj", "{583CA0AA-4DAB-4897-A214-E82CC615C2A1}"
EndProject
Project("{9A19103F-16F7-4668-BE54-9A1E7A4F7556}") = "Business", "Business\Business.csproj", "{B1B9B06F-8074-4CF3-82D7-0B7114810C49}"
EndProject
Project("{9A19103F-16F7-4668-BE54-9A1E7A4F7556}") = "DataAccess", "DataAccess\DataAccess.csproj", "{2E4EDD68-F2DA-42ED-A46E-0962A8D148CB}"
EndProject
Project("{9A19103F-16F7-4668-BE54-9A1E7A4F7556}") = "Core", "Core\Core.csproj", "{2039BA8D-19D1-4E56-B137-CE01EFC6C594}"
EndProject
Project("{9A19103F-16F7-4668-BE54-9A1E7A4F7556}") = "Api", "Api\Api.csproj", "{7E0BCD6F-F2C9-4B6D-8576-F84B79A287B9}"
EndProject
Global
	GlobalSection(SolutionConfigurationPlatforms) = preSolution
		Debug|Any CPU = Debug|Any CPU
		Release|Any CPU = Release|Any CPU
	EndGlobalSection
	GlobalSection(ProjectConfigurationPlatforms) = postSolution
		{ABE927AB-0259-42CD-8643-43C97BC6D868}.Debug|Any CPU.ActiveCfg = Debug|Any CPU
		{ABE927AB-0259-42CD-8643-43C97BC6D868}.Debug|Any CPU.Build.0 = Debug|Any CPU
		{ABE927AB-0259-42CD-8643-43C97BC6D868}.Release|Any CPU.ActiveCfg = Release|Any CPU
		{ABE927AB-0259-42CD-8643-43C97BC6D868}.Release|Any CPU.Build.0 = Release|Any CPU
		{583CA0AA-4DAB-4897-A214-E82CC615C2A1}.Debug|Any CPU.ActiveCfg = Debug|Any CPU
		{583CA0AA-4DAB-4897-A214-E82CC615C2A1}.Debug|Any CPU.Build.0 = Debug|Any CPU
		{583CA0AA-4DAB-4897-A214-E82CC615C2A1}.Release|Any CPU.ActiveCfg = Release|Any CPU
		{583CA0AA-4DAB-4897-A214-E82CC615C2A1}.Release|Any CPU.Build.0 = Release|Any CPU
		{B1B9B06F-8074-4CF3-82D7-0B7114810C49}.Debug|Any CPU.ActiveCfg = Debug|Any CPU
		{B1B9B06F-8074-4CF3-82D7-0B7114810C49}.Debug|Any CPU.Build.0 = Debug|Any CPU
		{B1B9B06F-8074-4CF3-82D7-0B7114810C49}.Release|Any CPU.ActiveCfg = Release|Any CPU
		{B1B9B06F-8074-4CF3-82D7-0B7114810C49}.Release|Any CPU.Build.0 = Release|Any CPU
		{2E4EDD68-F2DA-42ED-A46E-0962A8D148CB}.Debug|Any CPU.ActiveCfg = Debug|Any CPU
		{2E4EDD68-F2DA-42ED-A46E-0962A8D148CB}.Debug|Any CPU.Build.0 = Debug|Any CPU
		{2E4EDD68-F2DA-42ED-A46E-0962A8D148CB}.Release|Any CPU.ActiveCfg = Release|Any CPU
		{2E4EDD68-F2DA-42ED-A46E-0962A8D148CB}.Release|Any CPU.Build.0 = Release|Any CPU
		{2039BA8D-19D1-4E56-B137-CE01EFC6C594}.Debug|Any CPU.ActiveCfg = Debug|Any CPU
		{2039BA8D-19D1-4E56-B137-CE01EFC6C594}.Debug|Any CPU.Build.0 = Debug|Any CPU
		{2039BA8D-19D1-4E56-B137-CE01EFC6C594}.Release|Any CPU.ActiveCfg = Release|Any CPU
		{2039BA8D-19D1-4E56-B137-CE01EFC6C594}.Release|Any CPU.Build.0 = Release|Any CPU
		{7E0BCD6F-F2C9-4B6D-8576-F84B79A287B9}.Debug|Any CPU.ActiveCfg = Debug|Any CPU
		{7E0BCD6F-F2C9-4B6D-8576-F84B79A287B9}.Debug|Any CPU.Build.0 = Debug|Any CPU
		{7E0BCD6F-F2C9-4B6D-8576-F84B79A287B9}.Release|Any CPU.ActiveCfg = Release|Any CPU
		{7E0BCD6F-F2C9-4B6D-8576-F84B79A287B9}.Release|Any CPU.Build.0 = Release|Any CPU
	EndGlobalSection
	GlobalSection(SolutionProperties) = preSolution
		HideSolutionNode = FALSE
	EndGlobalSection
	GlobalSection(ExtensibilityGlobals) = postSolution
		SolutionGuid = {3062DA19-B539-441F-8D92-39FB804DFA06}
	EndGlobalSection
EndGlobal
